
Microsoft Visual Studio Solution File, Format Version 12.00
# Visual Studio 15
VisualStudioVersion = 15.0.27130.2003
MinimumVisualStudioVersion = 10.0.40219.1
Project("{9A19103F-16F7-4668-BE54-9A1E7A4F7556}") = "SlamCode.GoalCalendar.AzureFunctions", "SlamCode.GoalCalendar.AzureFunctions\SlamCode.GoalCalendar.AzureFunctions.csproj", "{B1EBB7A1-7EBF-4074-BA71-12DD120C1F8E}"
EndProject
Global
	GlobalSection(SolutionConfigurationPlatforms) = preSolution
		Debug|Any CPU = Debug|Any CPU
		Release|Any CPU = Release|Any CPU
	EndGlobalSection
	GlobalSection(ProjectConfigurationPlatforms) = postSolution
		{B1EBB7A1-7EBF-4074-BA71-12DD120C1F8E}.Debug|Any CPU.ActiveCfg = Debug|Any CPU
		{B1EBB7A1-7EBF-4074-BA71-12DD120C1F8E}.Debug|Any CPU.Build.0 = Debug|Any CPU
		{B1EBB7A1-7EBF-4074-BA71-12DD120C1F8E}.Release|Any CPU.ActiveCfg = Release|Any CPU
		{B1EBB7A1-7EBF-4074-BA71-12DD120C1F8E}.Release|Any CPU.Build.0 = Release|Any CPU
	EndGlobalSection
	GlobalSection(SolutionProperties) = preSolution
		HideSolutionNode = FALSE
	EndGlobalSection
	GlobalSection(ExtensibilityGlobals) = postSolution
		SolutionGuid = {CDED2C34-6313-4CB9-A7B4-41062C9C6772}
	EndGlobalSection
EndGlobal
